
Microsoft Visual Studio Solution File, Format Version 12.00
# Visual Studio Version 17
VisualStudioVersion = 17.2.32516.85
MinimumVisualStudioVersion = 10.0.40219.1
Project("{F184B08F-C81C-45F6-A57F-5ABD9991F28F}") = "Prudence", "Prudence.vbproj", "{4AE86AEB-9C13-42D4-A9F3-CCC77447E144}"
EndProject
Global
	GlobalSection(SolutionConfigurationPlatforms) = preSolution
		Debug|Any CPU = Debug|Any CPU
		Release|Any CPU = Release|Any CPU
	EndGlobalSection
	GlobalSection(ProjectConfigurationPlatforms) = postSolution
		{4AE86AEB-9C13-42D4-A9F3-CCC77447E144}.Debug|Any CPU.ActiveCfg = Debug|Any CPU
		{4AE86AEB-9C13-42D4-A9F3-CCC77447E144}.Debug|Any CPU.Build.0 = Debug|Any CPU
		{4AE86AEB-9C13-42D4-A9F3-CCC77447E144}.Release|Any CPU.ActiveCfg = Release|Any CPU
		{4AE86AEB-9C13-42D4-A9F3-CCC77447E144}.Release|Any CPU.Build.0 = Release|Any CPU
	EndGlobalSection
	GlobalSection(SolutionProperties) = preSolution
		HideSolutionNode = FALSE
	EndGlobalSection
	GlobalSection(ExtensibilityGlobals) = postSolution
		SolutionGuid = {C28AE81F-EC79-464B-90B0-F701CDA3F7D4}
	EndGlobalSection
EndGlobal
